schema: '2.0'
stages:
  generate-training-data:
    cmd: python -W ignore -m src.data_creation_racipe --network trrust_mock
    deps:
    - path: src/data_creation_racipe.py
      hash: md5
      md5: dec4fa1a4e8cb60fc4f7bac00352645d
      size: 12667
    params:
      params.yaml:
        network: trrust_mock
    outs:
    - path: data/training/raw
      hash: md5
      md5: cd50794f54995e2ade6cd83188d1fae8.dir
      size: 146498
      nfiles: 28
  generate-validation-data:
    cmd: python -W ignore -m src.data_creation_racipe --validation --network trrust_mock
    deps:
    - path: src/data_creation_racipe.py
      hash: md5
      md5: dec4fa1a4e8cb60fc4f7bac00352645d
      size: 12667
    params:
      params.yaml:
        data_creation:
          beta:
          - 0.005
          - 0.01
          n_nodes:
          - 10
          - 100
          propagations_per_real_world_graph: 20
          relative_infected:
          - 0.1
          - 0.5
          n_sources: 1
          root_seed_training: 11650217406899810833644412201113384193
          root_seed_validation: 11650217406899810833644412201113384194
          small_input: false
          training_size: 20
          validation_size: 20
    outs:
    - path: data/validation/raw
      hash: md5
      md5: 0510753ea9e1322484cbdb8e9be1c174.dir
      size: 146514
      nfiles: 28
  process-validation-data:
    cmd: python -W ignore -m src.data_processing --validation
    deps:
    - path: data/validation/raw
      hash: md5
      md5: 0510753ea9e1322484cbdb8e9be1c174.dir
      size: 146514
      nfiles: 28
    - path: src/data_processing.py
      hash: md5
      md5: 021d79946cbf2d86234ea4048cc11358
      size: 6578
    params:
      params.yaml:
        data_creation:
          beta:
          - 0.005
          - 0.01
          n_nodes:
          - 10
          - 100
          propagations_per_real_world_graph: 20
          relative_infected:
          - 0.1
          - 0.5
          n_sources: 1
          root_seed_training: 11650217406899810833644412201113384193
          root_seed_validation: 11650217406899810833644412201113384194
          small_input: false
          training_size: 20
          validation_size: 20
        model: GCNR
    outs:
    - path: data/validation/processed
      hash: md5
      md5: cf97a8363dc1d3045d0e1fbab50871b6.dir
      size: 69202
      nfiles: 22
  process-training-data:
    cmd: python -W ignore -m src.data_processing
    deps:
    - path: data/training/raw
      hash: md5
      md5: cd50794f54995e2ade6cd83188d1fae8.dir
      size: 146498
      nfiles: 28
    - path: src/data_processing.py
      hash: md5
      md5: 021d79946cbf2d86234ea4048cc11358
      size: 6578
    params:
      params.yaml:
        data_creation:
          beta:
          - 0.005
          - 0.01
          n_nodes:
          - 10
          - 100
          propagations_per_real_world_graph: 20
          relative_infected:
          - 0.1
          - 0.5
          n_sources: 1
          root_seed_training: 11650217406899810833644412201113384193
          root_seed_validation: 11650217406899810833644412201113384194
          small_input: false
          training_size: 20
          validation_size: 20
        model: GCNR
    outs:
    - path: data/training/processed
      hash: md5
      md5: 557a22950689f858b2019f52b1ad0b74.dir
      size: 69202
      nfiles: 22
  training:
    cmd: python -W ignore -m src.training
    deps:
    - path: data/training/processed
      hash: md5
      md5: 557a22950689f858b2019f52b1ad0b74.dir
      size: 69202
      nfiles: 22
    - path: src/training.py
      hash: md5
      md5: abfb6240fe917e676782bbc35ffffeb7
      size: 7581
    params:
      params.yaml:
        model: GCNR
        model_name: GCNR_test_04_21
        training:
          alpha: 0.5
          batch_size: 30
          class_weighting: false
          epochs: 3
          graph_weighting: false
          hidden_size: 512
          layers: 2
          learning_rate: 1e-06
          subsample: true
          useLogLoss: false
          weight_decay: 1e-08
    outs:
    - path: models/latest.pth
      hash: md5
      md5: 4c10169877b378d273535b1d9182e9f8
      size: 1065737
  validation:
    cmd: python -W ignore -m src.validation --network trrust_mock
    deps:
    - path: data/validation/processed
      hash: md5
      md5: cf97a8363dc1d3045d0e1fbab50871b6.dir
      size: 69202
      nfiles: 22
    - path: models/latest.pth
      hash: md5
      md5: 4c10169877b378d273535b1d9182e9f8
      size: 1065737
    - path: src/validation.py
      hash: md5
      md5: aec4279f6fbc3b1a3f31e67212c07535
      size: 19092
    - path: src/visualization.py
      hash: md5
      md5: bcafc3b99dbaa374b5738dad7062ae2a
      size: 10311
    params:
      params.yaml:
        model: GCNR
        model_name: GCNR_test_04_21
  visualization:
    cmd: python -W ignore -m src.visualization --network trrust_mock
    deps:
    - path: data/validation/processed
      hash: md5
      md5: cf97a8363dc1d3045d0e1fbab50871b6.dir
      size: 69202
      nfiles: 22
    - path: models/latest.pth
      hash: md5
      md5: 4c10169877b378d273535b1d9182e9f8
      size: 1065737
    - path: src/visualization.py
      hash: md5
      md5: bcafc3b99dbaa374b5738dad7062ae2a
      size: 10311
    params:
      params.yaml:
        model: GCNR
        model_name: GCNR_test_04_21
        visualization:
          seed: 123
