schema: '2.0'
stages:
  generate-training-data:
    cmd: python -W ignore -m src.data_creation_racipe --network p53_subgraph
    deps:
    - path: src/data_creation_racipe.py
      hash: md5
      md5: b19d2b29edd852c1d3addb88d897ed05
      size: 13510
    params:
      params.yaml:
        network: p53_subgraph
    outs:
    - path: data/training/raw
      hash: md5
      md5: 2ce440bc2dccdc97d920e160b9febaf5.dir
      size: 488336
      nfiles: 108
  generate-validation-data:
    cmd: python -W ignore -m src.data_creation_racipe --validation --network p53_subgraph
    deps:
    - path: src/data_creation_racipe.py
      hash: md5
      md5: b19d2b29edd852c1d3addb88d897ed05
      size: 13510
    params:
      params.yaml:
        data_creation:
          n_sources: 1
          root_seed_training: 11650217406899810833644412201113384193
          root_seed_validation: 11650217406899810833644412201113384194
          small_input: true
          training_size: 100
          validation_size: 10
          normalize_data: true
    outs:
    - path: data/validation/raw
      hash: md5
      md5: e8d8731f9100392e1186d76c90454858.dir
      size: 80674
      nfiles: 18
  process-validation-data:
    cmd: python -W ignore -m src.data_processing --validation
    deps:
    - path: data/validation/raw
      hash: md5
      md5: e8d8731f9100392e1186d76c90454858.dir
      size: 80674
      nfiles: 18
    - path: src/data_processing.py
      hash: md5
      md5: 55066646dba411c6543a876052168b25
      size: 7443
    params:
      params.yaml:
        data_creation:
          n_sources: 1
          root_seed_training: 11650217406899810833644412201113384193
          root_seed_validation: 11650217406899810833644412201113384194
          small_input: true
          training_size: 100
          validation_size: 10
          normalize_data: true
        model: GCNSI
    outs:
    - path: data/validation/processed
      hash: md5
      md5: dc4662c74ae583803db079ab4d4aa627.dir
      size: 83196
      nfiles: 20
  process-training-data:
    cmd: python -W ignore -m src.data_processing
    deps:
    - path: data/training/raw
      hash: md5
      md5: 2ce440bc2dccdc97d920e160b9febaf5.dir
      size: 488336
      nfiles: 108
    - path: src/data_processing.py
      hash: md5
      md5: 55066646dba411c6543a876052168b25
      size: 7443
    params:
      params.yaml:
        data_creation:
          n_sources: 1
          root_seed_training: 11650217406899810833644412201113384193
          root_seed_validation: 11650217406899810833644412201113384194
          small_input: true
          training_size: 100
          validation_size: 10
          normalize_data: true
        model: GCNSI
    outs:
    - path: data/training/processed
      hash: md5
      md5: 3934790202f3b0d0200403a9ea7555d2.dir
      size: 490858
      nfiles: 110
  training:
    cmd: python -W ignore -m src.training
    deps:
    - path: data/training/processed
      hash: md5
      md5: 3934790202f3b0d0200403a9ea7555d2.dir
      size: 490858
      nfiles: 110
    - path: src/training.py
      hash: md5
      md5: da1ad9410111af38f0a30532afef97f9
      size: 6017
    params:
      params.yaml:
        model: GCNSI
        model_name: GCNR_test_04_21
        training:
          alpha: 0.5
          batch_size: 64
          class_weighting: false
          epochs: 200
          graph_weighting: false
          hidden_size: 128
          layers: 2
          dropout: 0.3
          learning_rate: 0.001
          subsample: true
          useLogLoss: false
          weight_decay: 0.0005
    outs:
    - path: models/latest.pth
      hash: md5
      md5: 9f43fb791ef64e4f8a5369c55a4fc1cb
      size: 73845
  validation:
    cmd: python -W ignore -m src.validation --network p53_subgraph
    deps:
    - path: data/validation/processed
      hash: md5
      md5: dc4662c74ae583803db079ab4d4aa627.dir
      size: 83196
      nfiles: 20
    - path: models/latest.pth
      hash: md5
      md5: 9f43fb791ef64e4f8a5369c55a4fc1cb
      size: 73845
    - path: src/validation.py
      hash: md5
      md5: aec4279f6fbc3b1a3f31e67212c07535
      size: 19092
    - path: src/visualization.py
      hash: md5
      md5: 2aefb388deb67edc6bc6d6ae8499327b
      size: 10799
    params:
      params.yaml:
        model: GCNSI
        model_name: GCNR_test_04_21
  visualization:
    cmd: python -W ignore -m src.visualization --network p53_subgraph
    deps:
    - path: data/validation/processed
      hash: md5
      md5: dc4662c74ae583803db079ab4d4aa627.dir
      size: 83196
      nfiles: 20
    - path: models/latest.pth
      hash: md5
      md5: 9f43fb791ef64e4f8a5369c55a4fc1cb
      size: 73845
    - path: src/visualization.py
      hash: md5
      md5: 2aefb388deb67edc6bc6d6ae8499327b
      size: 10799
    params:
      params.yaml:
        model: GCNSI
        model_name: GCNR_test_04_21
        visualization:
          seed: 123
