schema: '2.0'
stages:
  generate-training-data:
    cmd: python -W ignore -m src.data_creation --network tiny
    deps:
    - path: src/data_creation.py
      hash: md5
      md5: 74940aa9249c69267d3569ed3653c035
      size: 13517
    params:
      params.yaml:
        data_creation:
          n_sources: 1
          training_size: 10000
          validation_size: 1000
          normalize_data: true
        network: tiny
    outs:
    - path: data/training/raw
      hash: md5
      md5: acbca74dbac18ddd286a55d8ea135127.dir
      size: 23686464
      nfiles: 9984
  generate-validation-data:
    cmd: python -W ignore -m src.data_creation --data_split=val --network tp53
    deps:
    - path: src/data_creation.py
      hash: md5
      md5: 5d6593e7cfb708bc706b327acc7e2c8d
      size: 13453
    params:
      params.yaml:
        data_creation:
          n_sources: 1
          training_size: 10000
          validation_size: 1000
          test_size: 1000
          normalize_data: true
        network: tp53
    outs:
    - path: data/val/raw
      hash: md5
      md5: 8cec187ea99645852694c54b74c24b61.dir
      size: 4270480
      nfiles: 1008
  process-validation-data:
    cmd: python -W ignore -m src.data_processing --data_split=val
    deps:
    - path: data/val/raw
      hash: md5
      md5: aef6b1ea52d95312ed92ef14bbaf2e20.dir
      size: 28224
      nfiles: 12
    - path: src/data_processing.py
      hash: md5
      md5: 5f78f28d5cd73eabc401b60188e796e9
      size: 5603
    params:
      params.yaml:
        data_creation:
          n_sources: 1
          training_size: 100
          validation_size: 10
          test_size: 10
          normalize_data: true
        model: GAT
    outs:
    - path: data/val/processed
      hash: md5
      md5: c74993649eacb24706450f52641e0591.dir
      size: 29136
      nfiles: 14
  process-training-data:
    cmd: python -W ignore -m src.data_processing --data_split train
    deps:
    - path: data/train/raw
      hash: md5
      md5: e77657b130bff32311ad1f2d83eb469a.dir
      size: 226240
      nfiles: 96
    - path: src/data_processing.py
      hash: md5
      md5: 5f78f28d5cd73eabc401b60188e796e9
      size: 5603
    params:
      params.yaml:
        data_creation:
          n_sources: 1
          training_size: 100
          validation_size: 10
          test_size: 10
          normalize_data: true
        model: GAT
    outs:
    - path: data/train/processed
      hash: md5
      md5: 4a180003fa7d029df0bbf9cfee96d50d.dir
      size: 226032
      nfiles: 98
  training:
    cmd: python -W ignore -m src.training
    deps:
    - path: data/train/processed
      hash: md5
      md5: 4a180003fa7d029df0bbf9cfee96d50d.dir
      size: 226032
      nfiles: 98
    - path: src/training.py
      hash: md5
      md5: 94e83fa1fb8b14d08831de3afd94e302
      size: 7962
    params:
      params.yaml:
        model: GAT
        model_name: GAT_tiny
        training:
          alpha: 0.5
          batch_size: 64
          class_weighting: false
          epochs: 200
          graph_weighting: false
          hidden_size: 128
          heads: 4
          layers: 2
          dropout: 0.3
          learning_rate: 0.0001
          subsample: true
          useLogLoss: false
          weight_decay: 0.0005
    outs:
    - path: models/latest.pth
      hash: md5
      md5: 57e94b5e983bceacdf6f4aa325632db8
      size: 4500538
  validation:
    cmd: python -W ignore -m src.validation --network tiny
    deps:
    - path: data/val/processed
      hash: md5
      md5: c74993649eacb24706450f52641e0591.dir
      size: 29136
      nfiles: 14
    - path: models/latest.pth
      hash: md5
      md5: 57e94b5e983bceacdf6f4aa325632db8
      size: 4500538
    - path: src/validation.py
      hash: md5
      md5: f652b40b71779896cd1b25ef2cbb1cf2
      size: 12795
    - path: src/visualization.py
      hash: md5
      md5: 8635faaab8bbd5abc6206e108d4263d9
      size: 11771
    params:
      params.yaml:
        model: GAT
        model_name: GAT_tiny
  visualization:
    cmd: python -W ignore -m src.visualization --network tiny
    deps:
    - path: data/val/processed
      hash: md5
      md5: c74993649eacb24706450f52641e0591.dir
      size: 29136
      nfiles: 14
    - path: models/latest.pth
      hash: md5
      md5: 57e94b5e983bceacdf6f4aa325632db8
      size: 4500538
    - path: src/visualization.py
      hash: md5
      md5: 8635faaab8bbd5abc6206e108d4263d9
      size: 11771
    params:
      params.yaml:
        model: GAT
        model_name: GAT_tiny
        visualization:
          seed: 123
  generate-test-data:
    cmd: python -W ignore -m src.data_creation --data_split test --network tp53
    deps:
    - path: src/data_creation.py
      hash: md5
      md5: 5d6593e7cfb708bc706b327acc7e2c8d
      size: 13453
    params:
      params.yaml:
        data_creation:
          n_sources: 1
          training_size: 10000
          validation_size: 1000
          test_size: 1000
          normalize_data: true
        network: tp53
    outs:
    - path: data/test/raw
      hash: md5
      md5: 0aee33bea4ba6d6b8f5fa72ce758f024.dir
      size: 4270480
      nfiles: 1008
  process-test-data:
    cmd: python -W ignore -m src.data_processing --data_split test
    deps:
    - path: data/test/raw
      hash: md5
      md5: 8017d0e88b0454660abe98f2b347edd5.dir
      size: 28224
      nfiles: 12
    - path: src/data_processing.py
      hash: md5
      md5: 5f78f28d5cd73eabc401b60188e796e9
      size: 5603
    params:
      params.yaml:
        data_creation:
          n_sources: 1
          training_size: 100
          validation_size: 10
          test_size: 10
          normalize_data: true
        model: GAT
    outs:
    - path: data/test/processed
      hash: md5
      md5: 2d257bf985551be93f9c9a3960771fbd.dir
      size: 29136
      nfiles: 14
